Microsoft Visual Studio Solution File, Format Version 12.00
# Visual Studio Version 17
VisualStudioVersion = 17.5.2.0
MinimumVisualStudioVersion = 10.0.40219.1
Project("{FAE04EC0-301F-11D3-BF4B-00C04F79EFBC}") = "ScreenshotWebAppClean", "ScreenshotWebAppClean.csproj", "{088EC798-8C8A-6E6E-C080-EFDD4C91A231}"
EndProject
Global
	GlobalSection(SolutionConfigurationPlatforms) = preSolution
		Debug|Any CPU = Debug|Any CPU
		Release|Any CPU = Release|Any CPU
	EndGlobalSection
	GlobalSection(ProjectConfigurationPlatforms) = postSolution
		{088EC798-8C8A-6E6E-C080-EFDD4C91A231}.Debug|Any CPU.ActiveCfg = Debug|Any CPU
		{088EC798-8C8A-6E6E-C080-EFDD4C91A231}.Debug|Any CPU.Build.0 = Debug|Any CPU
		{088EC798-8C8A-6E6E-C080-EFDD4C91A231}.Release|Any CPU.ActiveCfg = Release|Any CPU
		{088EC798-8C8A-6E6E-C080-EFDD4C91A231}.Release|Any CPU.Build.0 = Release|Any CPU
	EndGlobalSection
	GlobalSection(SolutionProperties) = preSolution
		HideSolutionNode = FALSE
	EndGlobalSection
	GlobalSection(ExtensibilityGlobals) = postSolution
		SolutionGuid = {F33FD843-E11E-4F4F-B3DE-3D81904EEABF}
	EndGlobalSection
EndGlobal
